
Microsoft Visual Studio Solution File, Format Version 12.00
# Visual Studio Version 16
VisualStudioVersion = 16.0.30717.126
MinimumVisualStudioVersion = 10.0.40219.1
Project("{FAE04EC0-301F-11D3-BF4B-00C04F79EFBC}") = "VC-Redis", "VC-Redis.csproj", "{BD7A8ADF-15B6-4929-9A16-1EF2B7C86A09}"
EndProject
Global
	GlobalSection(SolutionConfigurationPlatforms) = preSolution
		Debug|Any CPU = Debug|Any CPU
		Release|Any CPU = Release|Any CPU
	EndGlobalSection
	GlobalSection(ProjectConfigurationPlatforms) = postSolution
		{BD7A8ADF-15B6-4929-9A16-1EF2B7C86A09}.Debug|Any CPU.ActiveCfg = Debug|Any CPU
		{BD7A8ADF-15B6-4929-9A16-1EF2B7C86A09}.Debug|Any CPU.Build.0 = Debug|Any CPU
		{BD7A8ADF-15B6-4929-9A16-1EF2B7C86A09}.Release|Any CPU.ActiveCfg = Release|Any CPU
		{BD7A8ADF-15B6-4929-9A16-1EF2B7C86A09}.Release|Any CPU.Build.0 = Release|Any CPU
	EndGlobalSection
	GlobalSection(SolutionProperties) = preSolution
		HideSolutionNode = FALSE
	EndGlobalSection
	GlobalSection(ExtensibilityGlobals) = postSolution
		SolutionGuid = {B6508863-F6BA-409A-BC42-B72F6F1A32C7}
	EndGlobalSection
EndGlobal
